
Microsoft Visual Studio Solution File, Format Version 12.00
# Visual Studio Version 16
VisualStudioVersion = 16.0.30406.217
MinimumVisualStudioVersion = 10.0.40219.1
Project("{FAE04EC0-301F-11D3-BF4B-00C04F79EFBC}") = "circle", "snake\circle.csproj", "{D3246FEF-A794-4CCF-98C8-3555F62652F3}"
EndProject
Global
	GlobalSection(SolutionConfigurationPlatforms) = preSolution
		Debug|Any CPU = Debug|Any CPU
		Release|Any CPU = Release|Any CPU
	EndGlobalSection
	GlobalSection(ProjectConfigurationPlatforms) = postSolution
		{D3246FEF-A794-4CCF-98C8-3555F62652F3}.Debug|Any CPU.ActiveCfg = Debug|Any CPU
		{D3246FEF-A794-4CCF-98C8-3555F62652F3}.Debug|Any CPU.Build.0 = Debug|Any CPU
		{D3246FEF-A794-4CCF-98C8-3555F62652F3}.Release|Any CPU.ActiveCfg = Release|Any CPU
		{D3246FEF-A794-4CCF-98C8-3555F62652F3}.Release|Any CPU.Build.0 = Release|Any CPU
	EndGlobalSection
	GlobalSection(SolutionProperties) = preSolution
		HideSolutionNode = FALSE
	EndGlobalSection
	GlobalSection(ExtensibilityGlobals) = postSolution
		SolutionGuid = {883D095C-9D5B-439A-B97F-35EEEF6AB496}
	EndGlobalSection
EndGlobal
